
Microsoft Visual Studio Solution File, Format Version 12.00
# Visual Studio Version 17
VisualStudioVersion = 17.3.32922.545
MinimumVisualStudioVersion = 10.0.40219.1
Project("{FAE04EC0-301F-11D3-BF4B-00C04F79EFBC}") = "DynamoDB.PoC", "DynamoDB.PoC\DynamoDB.PoC.csproj", "{DD131288-AA63-4298-841D-A65E14F87D97}"
EndProject
Global
	GlobalSection(SolutionConfigurationPlatforms) = preSolution
		Debug|Any CPU = Debug|Any CPU
		Release|Any CPU = Release|Any CPU
	EndGlobalSection
	GlobalSection(ProjectConfigurationPlatforms) = postSolution
		{DD131288-AA63-4298-841D-A65E14F87D97}.Debug|Any CPU.ActiveCfg = Debug|Any CPU
		{DD131288-AA63-4298-841D-A65E14F87D97}.Debug|Any CPU.Build.0 = Debug|Any CPU
		{DD131288-AA63-4298-841D-A65E14F87D97}.Release|Any CPU.ActiveCfg = Release|Any CPU
		{DD131288-AA63-4298-841D-A65E14F87D97}.Release|Any CPU.Build.0 = Release|Any CPU
	EndGlobalSection
	GlobalSection(SolutionProperties) = preSolution
		HideSolutionNode = FALSE
	EndGlobalSection
	GlobalSection(ExtensibilityGlobals) = postSolution
		SolutionGuid = {B775F72E-11FB-4290-B772-DBD9928A8FCE}
	EndGlobalSection
EndGlobal
