
Microsoft Visual Studio Solution File, Format Version 12.00
# Visual Studio Version 17
VisualStudioVersion = 17.3.32922.545
MinimumVisualStudioVersion = 10.0.40219.1
Project("{9A19103F-16F7-4668-BE54-9A1E7A4F7556}") = "Service1", "Service1\Service1.csproj", "{531C730C-FB96-4E71-B698-8CF35C9037B1}"
EndProject
Project("{9A19103F-16F7-4668-BE54-9A1E7A4F7556}") = "Service2", "Service2\Service2.csproj", "{1CA278C0-1BD9-41DF-B8D0-D98AADC32E1A}"
EndProject
Project("{9A19103F-16F7-4668-BE54-9A1E7A4F7556}") = "TestDynamo", "TestDynamo\TestDynamo.csproj", "{F83878C3-7930-467B-8A27-D0341D97727D}"
EndProject
Global
	GlobalSection(SolutionConfigurationPlatforms) = preSolution
		Debug|Any CPU = Debug|Any CPU
		Release|Any CPU = Release|Any CPU
	EndGlobalSection
	GlobalSection(ProjectConfigurationPlatforms) = postSolution
		{531C730C-FB96-4E71-B698-8CF35C9037B1}.Debug|Any CPU.ActiveCfg = Debug|Any CPU
		{531C730C-FB96-4E71-B698-8CF35C9037B1}.Debug|Any CPU.Build.0 = Debug|Any CPU
		{531C730C-FB96-4E71-B698-8CF35C9037B1}.Release|Any CPU.ActiveCfg = Release|Any CPU
		{531C730C-FB96-4E71-B698-8CF35C9037B1}.Release|Any CPU.Build.0 = Release|Any CPU
		{1CA278C0-1BD9-41DF-B8D0-D98AADC32E1A}.Debug|Any CPU.ActiveCfg = Debug|Any CPU
		{1CA278C0-1BD9-41DF-B8D0-D98AADC32E1A}.Debug|Any CPU.Build.0 = Debug|Any CPU
		{1CA278C0-1BD9-41DF-B8D0-D98AADC32E1A}.Release|Any CPU.ActiveCfg = Release|Any CPU
		{1CA278C0-1BD9-41DF-B8D0-D98AADC32E1A}.Release|Any CPU.Build.0 = Release|Any CPU
		{F83878C3-7930-467B-8A27-D0341D97727D}.Debug|Any CPU.ActiveCfg = Debug|Any CPU
		{F83878C3-7930-467B-8A27-D0341D97727D}.Debug|Any CPU.Build.0 = Debug|Any CPU
		{F83878C3-7930-467B-8A27-D0341D97727D}.Release|Any CPU.ActiveCfg = Release|Any CPU
		{F83878C3-7930-467B-8A27-D0341D97727D}.Release|Any CPU.Build.0 = Release|Any CPU
	EndGlobalSection
	GlobalSection(SolutionProperties) = preSolution
		HideSolutionNode = FALSE
	EndGlobalSection
	GlobalSection(ExtensibilityGlobals) = postSolution
		SolutionGuid = {0A75D21A-A238-499C-8AB0-AC3DF4C09A66}
	EndGlobalSection
EndGlobal
